{
  "name": "i18next",
  "lockfileVersion": 2,
  "requires": true,
  "packages": {
    "": {
      "dependencies": {
        "js-ini": "^1.3.0"
      }
    },
    "node_modules/js-ini": {
      "version": "1.3.0",
      "resolved": "https://registry.npmjs.org/js-ini/-/js-ini-1.3.0.tgz",
      "integrity": "sha512-5MSh1zdBn/r3xnts6YfENzVuIGU2gbJ/Ib6zemYi+04Ui0AQp2QCNoTrlQdn0yNkaNVVg9wHZaoG5bW7Lv+3bA=="
    }
  },
  "dependencies": {
    "js-ini": {
      "version": "1.3.0",
      "resolved": "https://registry.npmjs.org/js-ini/-/js-ini-1.3.0.tgz",
      "integrity": "sha512-5MSh1zdBn/r3xnts6YfENzVuIGU2gbJ/Ib6zemYi+04Ui0AQp2QCNoTrlQdn0yNkaNVVg9wHZaoG5bW7Lv+3bA=="
    }
  }
}
